
Microsoft Visual Studio Solution File, Format Version 12.00
# Visual Studio Version 17
VisualStudioVersion = 17.5.33627.172
MinimumVisualStudioVersion = 10.0.40219.1
Project("{FAE04EC0-301F-11D3-BF4B-00C04F79EFBC}") = "AyvalikZeytincilik", "AyvalikZeytincilik\AyvalikZeytincilik.csproj", "{F48F9A33-8117-4160-81D8-C5B24E019BEE}"
EndProject
Global
	GlobalSection(SolutionConfigurationPlatforms) = preSolution
		Debug|Any CPU = Debug|Any CPU
		Release|Any CPU = Release|Any CPU
	EndGlobalSection
	GlobalSection(ProjectConfigurationPlatforms) = postSolution
		{F48F9A33-8117-4160-81D8-C5B24E019BEE}.Debug|Any CPU.ActiveCfg = Debug|Any CPU
		{F48F9A33-8117-4160-81D8-C5B24E019BEE}.Debug|Any CPU.Build.0 = Debug|Any CPU
		{F48F9A33-8117-4160-81D8-C5B24E019BEE}.Release|Any CPU.ActiveCfg = Release|Any CPU
		{F48F9A33-8117-4160-81D8-C5B24E019BEE}.Release|Any CPU.Build.0 = Release|Any CPU
	EndGlobalSection
	GlobalSection(SolutionProperties) = preSolution
		HideSolutionNode = FALSE
	EndGlobalSection
	GlobalSection(ExtensibilityGlobals) = postSolution
		SolutionGuid = {7ADADD49-5F35-4868-9B20-DCB4830063A0}
	EndGlobalSection
EndGlobal
